
Microsoft Visual Studio Solution File, Format Version 12.00
# Visual Studio 15
Project("{FAE04EC0-301F-11D3-BF4B-00C04F79EFBC}") = "ServidorWebCustomizado", "ServidorWebCustomizado\ServidorWebCustomizado.csproj", "{74AC28F1-B616-4E84-8E05-5F399FBD822B}"
EndProject
Global
	GlobalSection(SolutionConfigurationPlatforms) = preSolution
		Debug|Any CPU = Debug|Any CPU
		Release|Any CPU = Release|Any CPU
	EndGlobalSection
	GlobalSection(ProjectConfigurationPlatforms) = postSolution
		{74AC28F1-B616-4E84-8E05-5F399FBD822B}.Debug|Any CPU.ActiveCfg = Debug|Any CPU
		{74AC28F1-B616-4E84-8E05-5F399FBD822B}.Debug|Any CPU.Build.0 = Debug|Any CPU
		{74AC28F1-B616-4E84-8E05-5F399FBD822B}.Release|Any CPU.ActiveCfg = Release|Any CPU
		{74AC28F1-B616-4E84-8E05-5F399FBD822B}.Release|Any CPU.Build.0 = Release|Any CPU
	EndGlobalSection
EndGlobal
